{
  "nodes": {
    "easy-purescript-nix": {
      "flake": false,
      "locked": {
        "lastModified": 1654121141,
        "narHash": "sha256-mkHIyWk5Xh54FqCU7CT3G/tnHF7mLbQt3EfnNCMCTO8=",
        "owner": "justinwoo",
        "repo": "easy-purescript-nix",
        "rev": "5dca2f0f3b9ec0bceabb23fa1fd2b5f8ec30fa53",
        "type": "github"
      },
      "original": {
        "owner": "justinwoo",
        "repo": "easy-purescript-nix",
        "type": "github"
      }
    },
    "nixpkgs": {
      "locked": {
        "lastModified": 1650109093,
        "narHash": "sha256-tqlnKrAdJktRLXTou9le0oTqrYBAFpGscV5RADdpArU=",
        "owner": "NixOS",
        "repo": "nixpkgs",
        "rev": "faad370edcb37162401be50d45526f52bb16a713",
        "type": "github"
      },
      "original": {
        "owner": "NixOS",
        "ref": "nixpkgs-unstable",
        "repo": "nixpkgs",
        "type": "github"
      }
    },
    "nixpkgs_2": {
      "locked": {
        "lastModified": 1659753918,
        "narHash": "sha256-EsAYsT9BmKA4DBsFYANyWSRe6DGJg9rr6/5fgXrq9Dc=",
        "owner": "NixOS",
        "repo": "nixpkgs",
        "rev": "998bc5d86c7263a8de4208af97fe6d8f25c91956",
        "type": "github"
      },
      "original": {
        "owner": "NixOS",
        "ref": "nixpkgs-unstable",
        "repo": "nixpkgs",
        "type": "github"
      }
    },
    "root": {
      "inputs": {
        "nixpkgs": "nixpkgs",
        "spago-nix": "spago-nix"
      }
    },
    "spago-nix": {
      "inputs": {
        "easy-purescript-nix": "easy-purescript-nix",
        "nixpkgs": "nixpkgs_2"
      },
      "locked": {
        "lastModified": 1660994579,
        "narHash": "sha256-JZnuhsFPJ4G+vQMTwPcqm8TyFOAd7f4zjPLktmNKq2o=",
        "type": "git",
        "url": "file:///home/rory/projects/spago.nix"
      },
      "original": {
        "type": "git",
        "url": "file:///home/rory/projects/spago.nix"
      }
    }
  },
  "root": "root",
  "version": 7
}
