{
  "nodes": {
    "easy-purescript-nix": {
      "flake": false,
      "locked": {
        "lastModified": 1654121141,
        "narHash": "sha256-mkHIyWk5Xh54FqCU7CT3G/tnHF7mLbQt3EfnNCMCTO8=",
        "owner": "justinwoo",
        "repo": "easy-purescript-nix",
        "rev": "5dca2f0f3b9ec0bceabb23fa1fd2b5f8ec30fa53",
        "type": "github"
      },
      "original": {
        "owner": "justinwoo",
        "repo": "easy-purescript-nix",
        "type": "github"
      }
    },
    "lattice": {
      "flake": false,
      "locked": {
        "lastModified": 1503271729,
        "narHash": "sha256-EWnxJIUVHqNAwCdQpdb9bEaOyXWlnr0CM9SIIisYwFg=",
        "owner": "Risto-Stevcev",
        "repo": "purescript-lattice",
        "rev": "aebe3686eba30f199d17964bfa892f0176c1742d",
        "type": "github"
      },
      "original": {
        "owner": "Risto-Stevcev",
        "ref": "v0.3.0",
        "repo": "purescript-lattice",
        "type": "github"
      }
    },
    "nixpkgs": {
      "locked": {
        "lastModified": 1659753918,
        "narHash": "sha256-EsAYsT9BmKA4DBsFYANyWSRe6DGJg9rr6/5fgXrq9Dc=",
        "owner": "NixOS",
        "repo": "nixpkgs",
        "rev": "998bc5d86c7263a8de4208af97fe6d8f25c91956",
        "type": "github"
      },
      "original": {
        "owner": "NixOS",
        "ref": "nixpkgs-unstable",
        "repo": "nixpkgs",
        "type": "github"
      }
    },
    "properties": {
      "flake": false,
      "locked": {
        "lastModified": 1503250289,
        "narHash": "sha256-ceDFtIO6tZDSRCpNBmh9d7ToVmZrtB64LhvpB4aYkcc=",
        "owner": "Risto-Stevcev",
        "repo": "purescript-properties",
        "rev": "ddcad0f6043cc665037538467a2e2e4173ef276a",
        "type": "github"
      },
      "original": {
        "owner": "Risto-Stevcev",
        "ref": "v0.2.0",
        "repo": "purescript-properties",
        "type": "github"
      }
    },
    "root": {
      "inputs": {
        "lattice": "lattice",
        "nixpkgs": [
          "spago-nix",
          "nixpkgs"
        ],
        "properties": "properties",
        "spago-nix": "spago-nix"
      }
    },
    "spago-nix": {
      "inputs": {
        "easy-purescript-nix": "easy-purescript-nix",
        "nixpkgs": "nixpkgs"
      },
      "locked": {
        "lastModified": 1661920710,
        "narHash": "sha256-qqfIIAwj5N24efAYTUA84+bas6GRO1VTUI3jzztiTIg=",
        "owner": "ngua",
        "repo": "spago.nix",
        "rev": "58931d5b7b953f9bb44d4a997e76c8439931300b",
        "type": "github"
      },
      "original": {
        "owner": "ngua",
        "repo": "spago.nix",
        "type": "github"
      }
    }
  },
  "root": "root",
  "version": 7
}
